
Microsoft Visual Studio Solution File, Format Version 12.00
# Visual Studio Version 16
VisualStudioVersion = 16.0.31205.134
MinimumVisualStudioVersion = 10.0.40219.1
Project("{FAE04EC0-301F-11D3-BF4B-00C04F79EFBC}") = "GlobalRepository", "GlobalRepository\GlobalRepository.csproj", "{1CB5B95D-8662-475C-A11C-1B3C138FE649}"
EndProject
Project("{FAE04EC0-301F-11D3-BF4B-00C04F79EFBC}") = "Opc", "Opc\Opc.csproj", "{EC4AD061-40EA-4BFF-811E-FD01B81F3382}"
EndProject
Project("{2150E333-8FDC-42A3-9474-1A3956D46DE8}") = "Database", "Database", "{B3643644-7D48-41E6-85C8-D71C49BA8E0B}"
EndProject
Project("{FAE04EC0-301F-11D3-BF4B-00C04F79EFBC}") = "DataModel", "Database\DataModel\DataModel.csproj", "{84E205EB-B5E5-4E14-8F6B-BD3284D48E73}"
EndProject
Project("{FAE04EC0-301F-11D3-BF4B-00C04F79EFBC}") = "DataRepository", "Database\DataRepository\DataRepository.csproj", "{BA9D1B4B-4F94-466A-B5E9-2B8D21D6E941}"
EndProject
Project("{2150E333-8FDC-42A3-9474-1A3956D46DE8}") = "Wb", "Wb", "{1CAD89C8-0F84-41C5-BF11-BDA349B6EEE8}"
EndProject
Project("{FAE04EC0-301F-11D3-BF4B-00C04F79EFBC}") = "WbEasyCalcModel", "Wb\WbEasyCalcModel\WbEasyCalcModel.csproj", "{999CE3B3-3B81-4349-9BDE-7ECCADFA43FB}"
EndProject
Project("{FAE04EC0-301F-11D3-BF4B-00C04F79EFBC}") = "WbEasyCalcRepository", "Wb\WbEasyCalcRepository\WbEasyCalcRepository.csproj", "{9AE2BB62-74D4-449E-B531-505BA70FBA14}"
EndProject
Project("{FAE04EC0-301F-11D3-BF4B-00C04F79EFBC}") = "WbRepository.Test", "Wb\WbRepository.Test\WbRepository.Test.csproj", "{F73684B9-B7CF-47EE-9E1D-283C9492ACBE}"
EndProject
Project("{FAE04EC0-301F-11D3-BF4B-00C04F79EFBC}") = "DataRepository.Test", "Database\DataRepository.Test\DataRepository.Test.csproj", "{67CDABBB-8FEE-4F05-AA55-F593DC818E65}"
EndProject
Project("{2150E333-8FDC-42A3-9474-1A3956D46DE8}") = "ExcelNpoi", "ExcelNpoi", "{B3502DC9-8966-4E6C-960D-E230A2A3ECDB}"
EndProject
Project("{FAE04EC0-301F-11D3-BF4B-00C04F79EFBC}") = "ExcelNpoi", "ExcelNpoi\ExcelNpoi\ExcelNpoi.csproj", "{72312FB8-0EA0-4E29-8D99-EA9CF6C1CCCA}"
EndProject
Project("{FAE04EC0-301F-11D3-BF4B-00C04F79EFBC}") = "ExcelNpoi.Test", "ExcelNpoi\ExcelNpoi.Test\ExcelNpoi.Test.csproj", "{47D3B9DE-6F5D-423A-B42B-8FFF1E4081FD}"
EndProject
Project("{FAE04EC0-301F-11D3-BF4B-00C04F79EFBC}") = "WpfApplication1", "WpfApplication1\WpfApplication1.csproj", "{50FD9E45-3EDC-4B40-BFF8-E063E2FE6E15}"
EndProject
Project("{2150E333-8FDC-42A3-9474-1A3956D46DE8}") = "GeometryNew", "GeometryNew", "{D9C1D237-BF45-41FB-8FE8-00A2DA7B18FE}"
EndProject
Project("{FAE04EC0-301F-11D3-BF4B-00C04F79EFBC}") = "GeometryReader", "GeometryNew\GeometryReader\GeometryReader.csproj", "{ED714E90-41B7-4D83-A0BC-3F04B2E7348B}"
EndProject
Project("{FAE04EC0-301F-11D3-BF4B-00C04F79EFBC}") = "GeometryReader.Test", "GeometryNew\GeometryReader.Test\GeometryReader.Test.csproj", "{65C3D6C0-E97C-484F-AA05-1BDC7A927815}"
EndProject
Global
	GlobalSection(SolutionConfigurationPlatforms) = preSolution
		Debug|Any CPU = Debug|Any CPU
		Debug|ARM = Debug|ARM
		Debug|ARM64 = Debug|ARM64
		Debug|x64 = Debug|x64
		Debug|x86 = Debug|x86
		Release|Any CPU = Release|Any CPU
		Release|ARM = Release|ARM
		Release|ARM64 = Release|ARM64
		Release|x64 = Release|x64
		Release|x86 = Release|x86
	EndGlobalSection
	GlobalSection(ProjectConfigurationPlatforms) = postSolution
		{1CB5B95D-8662-475C-A11C-1B3C138FE649}.Debug|Any CPU.ActiveCfg = Debug|Any CPU
		{1CB5B95D-8662-475C-A11C-1B3C138FE649}.Debug|Any CPU.Build.0 = Debug|Any CPU
		{1CB5B95D-8662-475C-A11C-1B3C138FE649}.Debug|ARM.ActiveCfg = Debug|Any CPU
		{1CB5B95D-8662-475C-A11C-1B3C138FE649}.Debug|ARM.Build.0 = Debug|Any CPU
		{1CB5B95D-8662-475C-A11C-1B3C138FE649}.Debug|ARM64.ActiveCfg = Debug|Any CPU
		{1CB5B95D-8662-475C-A11C-1B3C138FE649}.Debug|ARM64.Build.0 = Debug|Any CPU
		{1CB5B95D-8662-475C-A11C-1B3C138FE649}.Debug|x64.ActiveCfg = Debug|Any CPU
		{1CB5B95D-8662-475C-A11C-1B3C138FE649}.Debug|x64.Build.0 = Debug|Any CPU
		{1CB5B95D-8662-475C-A11C-1B3C138FE649}.Debug|x86.ActiveCfg = Debug|Any CPU
		{1CB5B95D-8662-475C-A11C-1B3C138FE649}.Debug|x86.Build.0 = Debug|Any CPU
		{1CB5B95D-8662-475C-A11C-1B3C138FE649}.Release|Any CPU.ActiveCfg = Release|Any CPU
		{1CB5B95D-8662-475C-A11C-1B3C138FE649}.Release|Any CPU.Build.0 = Release|Any CPU
		{1CB5B95D-8662-475C-A11C-1B3C138FE649}.Release|ARM.ActiveCfg = Release|Any CPU
		{1CB5B95D-8662-475C-A11C-1B3C138FE649}.Release|ARM.Build.0 = Release|Any CPU
		{1CB5B95D-8662-475C-A11C-1B3C138FE649}.Release|ARM64.ActiveCfg = Release|Any CPU
		{1CB5B95D-8662-475C-A11C-1B3C138FE649}.Release|ARM64.Build.0 = Release|Any CPU
		{1CB5B95D-8662-475C-A11C-1B3C138FE649}.Release|x64.ActiveCfg = Release|Any CPU
		{1CB5B95D-8662-475C-A11C-1B3C138FE649}.Release|x64.Build.0 = Release|Any CPU
		{1CB5B95D-8662-475C-A11C-1B3C138FE649}.Release|x86.ActiveCfg = Release|Any CPU
		{1CB5B95D-8662-475C-A11C-1B3C138FE649}.Release|x86.Build.0 = Release|Any CPU
		{EC4AD061-40EA-4BFF-811E-FD01B81F3382}.Debug|Any CPU.ActiveCfg = Debug|Any CPU
		{EC4AD061-40EA-4BFF-811E-FD01B81F3382}.Debug|Any CPU.Build.0 = Debug|Any CPU
		{EC4AD061-40EA-4BFF-811E-FD01B81F3382}.Debug|ARM.ActiveCfg = Debug|Any CPU
		{EC4AD061-40EA-4BFF-811E-FD01B81F3382}.Debug|ARM.Build.0 = Debug|Any CPU
		{EC4AD061-40EA-4BFF-811E-FD01B81F3382}.Debug|ARM64.ActiveCfg = Debug|Any CPU
		{EC4AD061-40EA-4BFF-811E-FD01B81F3382}.Debug|ARM64.Build.0 = Debug|Any CPU
		{EC4AD061-40EA-4BFF-811E-FD01B81F3382}.Debug|x64.ActiveCfg = Debug|Any CPU
		{EC4AD061-40EA-4BFF-811E-FD01B81F3382}.Debug|x64.Build.0 = Debug|Any CPU
		{EC4AD061-40EA-4BFF-811E-FD01B81F3382}.Debug|x86.ActiveCfg = Debug|Any CPU
		{EC4AD061-40EA-4BFF-811E-FD01B81F3382}.Debug|x86.Build.0 = Debug|Any CPU
		{EC4AD061-40EA-4BFF-811E-FD01B81F3382}.Release|Any CPU.ActiveCfg = Release|Any CPU
		{EC4AD061-40EA-4BFF-811E-FD01B81F3382}.Release|Any CPU.Build.0 = Release|Any CPU
		{EC4AD061-40EA-4BFF-811E-FD01B81F3382}.Release|ARM.ActiveCfg = Release|Any CPU
		{EC4AD061-40EA-4BFF-811E-FD01B81F3382}.Release|ARM.Build.0 = Release|Any CPU
		{EC4AD061-40EA-4BFF-811E-FD01B81F3382}.Release|ARM64.ActiveCfg = Release|Any CPU
		{EC4AD061-40EA-4BFF-811E-FD01B81F3382}.Release|ARM64.Build.0 = Release|Any CPU
		{EC4AD061-40EA-4BFF-811E-FD01B81F3382}.Release|x64.ActiveCfg = Release|Any CPU
		{EC4AD061-40EA-4BFF-811E-FD01B81F3382}.Release|x64.Build.0 = Release|Any CPU
		{EC4AD061-40EA-4BFF-811E-FD01B81F3382}.Release|x86.ActiveCfg = Release|Any CPU
		{EC4AD061-40EA-4BFF-811E-FD01B81F3382}.Release|x86.Build.0 = Release|Any CPU
		{84E205EB-B5E5-4E14-8F6B-BD3284D48E73}.Debug|Any CPU.ActiveCfg = Debug|Any CPU
		{84E205EB-B5E5-4E14-8F6B-BD3284D48E73}.Debug|Any CPU.Build.0 = Debug|Any CPU
		{84E205EB-B5E5-4E14-8F6B-BD3284D48E73}.Debug|ARM.ActiveCfg = Debug|Any CPU
		{84E205EB-B5E5-4E14-8F6B-BD3284D48E73}.Debug|ARM.Build.0 = Debug|Any CPU
		{84E205EB-B5E5-4E14-8F6B-BD3284D48E73}.Debug|ARM64.ActiveCfg = Debug|Any CPU
		{84E205EB-B5E5-4E14-8F6B-BD3284D48E73}.Debug|ARM64.Build.0 = Debug|Any CPU
		{84E205EB-B5E5-4E14-8F6B-BD3284D48E73}.Debug|x64.ActiveCfg = Debug|Any CPU
		{84E205EB-B5E5-4E14-8F6B-BD3284D48E73}.Debug|x64.Build.0 = Debug|Any CPU
		{84E205EB-B5E5-4E14-8F6B-BD3284D48E73}.Debug|x86.ActiveCfg = Debug|Any CPU
		{84E205EB-B5E5-4E14-8F6B-BD3284D48E73}.Debug|x86.Build.0 = Debug|Any CPU
		{84E205EB-B5E5-4E14-8F6B-BD3284D48E73}.Release|Any CPU.ActiveCfg = Release|Any CPU
		{84E205EB-B5E5-4E14-8F6B-BD3284D48E73}.Release|Any CPU.Build.0 = Release|Any CPU
		{84E205EB-B5E5-4E14-8F6B-BD3284D48E73}.Release|ARM.ActiveCfg = Release|Any CPU
		{84E205EB-B5E5-4E14-8F6B-BD3284D48E73}.Release|ARM.Build.0 = Release|Any CPU
		{84E205EB-B5E5-4E14-8F6B-BD3284D48E73}.Release|ARM64.ActiveCfg = Release|Any CPU
		{84E205EB-B5E5-4E14-8F6B-BD3284D48E73}.Release|ARM64.Build.0 = Release|Any CPU
		{84E205EB-B5E5-4E14-8F6B-BD3284D48E73}.Release|x64.ActiveCfg = Release|Any CPU
		{84E205EB-B5E5-4E14-8F6B-BD3284D48E73}.Release|x64.Build.0 = Release|Any CPU
		{84E205EB-B5E5-4E14-8F6B-BD3284D48E73}.Release|x86.ActiveCfg = Release|Any CPU
		{84E205EB-B5E5-4E14-8F6B-BD3284D48E73}.Release|x86.Build.0 = Release|Any CPU
		{BA9D1B4B-4F94-466A-B5E9-2B8D21D6E941}.Debug|Any CPU.ActiveCfg = Debug|Any CPU
		{BA9D1B4B-4F94-466A-B5E9-2B8D21D6E941}.Debug|Any CPU.Build.0 = Debug|Any CPU
		{BA9D1B4B-4F94-466A-B5E9-2B8D21D6E941}.Debug|ARM.ActiveCfg = Debug|Any CPU
		{BA9D1B4B-4F94-466A-B5E9-2B8D21D6E941}.Debug|ARM.Build.0 = Debug|Any CPU
		{BA9D1B4B-4F94-466A-B5E9-2B8D21D6E941}.Debug|ARM64.ActiveCfg = Debug|Any CPU
		{BA9D1B4B-4F94-466A-B5E9-2B8D21D6E941}.Debug|ARM64.Build.0 = Debug|Any CPU
		{BA9D1B4B-4F94-466A-B5E9-2B8D21D6E941}.Debug|x64.ActiveCfg = Debug|Any CPU
		{BA9D1B4B-4F94-466A-B5E9-2B8D21D6E941}.Debug|x64.Build.0 = Debug|Any CPU
		{BA9D1B4B-4F94-466A-B5E9-2B8D21D6E941}.Debug|x86.ActiveCfg = Debug|Any CPU
		{BA9D1B4B-4F94-466A-B5E9-2B8D21D6E941}.Debug|x86.Build.0 = Debug|Any CPU
		{BA9D1B4B-4F94-466A-B5E9-2B8D21D6E941}.Release|Any CPU.ActiveCfg = Release|Any CPU
		{BA9D1B4B-4F94-466A-B5E9-2B8D21D6E941}.Release|Any CPU.Build.0 = Release|Any CPU
		{BA9D1B4B-4F94-466A-B5E9-2B8D21D6E941}.Release|ARM.ActiveCfg = Release|Any CPU
		{BA9D1B4B-4F94-466A-B5E9-2B8D21D6E941}.Release|ARM.Build.0 = Release|Any CPU
		{BA9D1B4B-4F94-466A-B5E9-2B8D21D6E941}.Release|ARM64.ActiveCfg = Release|Any CPU
		{BA9D1B4B-4F94-466A-B5E9-2B8D21D6E941}.Release|ARM64.Build.0 = Release|Any CPU
		{BA9D1B4B-4F94-466A-B5E9-2B8D21D6E941}.Release|x64.ActiveCfg = Release|Any CPU
		{BA9D1B4B-4F94-466A-B5E9-2B8D21D6E941}.Release|x64.Build.0 = Release|Any CPU
		{BA9D1B4B-4F94-466A-B5E9-2B8D21D6E941}.Release|x86.ActiveCfg = Release|Any CPU
		{BA9D1B4B-4F94-466A-B5E9-2B8D21D6E941}.Release|x86.Build.0 = Release|Any CPU
		{999CE3B3-3B81-4349-9BDE-7ECCADFA43FB}.Debug|Any CPU.ActiveCfg = Debug|Any CPU
		{999CE3B3-3B81-4349-9BDE-7ECCADFA43FB}.Debug|Any CPU.Build.0 = Debug|Any CPU
		{999CE3B3-3B81-4349-9BDE-7ECCADFA43FB}.Debug|ARM.ActiveCfg = Debug|Any CPU
		{999CE3B3-3B81-4349-9BDE-7ECCADFA43FB}.Debug|ARM.Build.0 = Debug|Any CPU
		{999CE3B3-3B81-4349-9BDE-7ECCADFA43FB}.Debug|ARM64.ActiveCfg = Debug|Any CPU
		{999CE3B3-3B81-4349-9BDE-7ECCADFA43FB}.Debug|ARM64.Build.0 = Debug|Any CPU
		{999CE3B3-3B81-4349-9BDE-7ECCADFA43FB}.Debug|x64.ActiveCfg = Debug|Any CPU
		{999CE3B3-3B81-4349-9BDE-7ECCADFA43FB}.Debug|x64.Build.0 = Debug|Any CPU
		{999CE3B3-3B81-4349-9BDE-7ECCADFA43FB}.Debug|x86.ActiveCfg = Debug|Any CPU
		{999CE3B3-3B81-4349-9BDE-7ECCADFA43FB}.Debug|x86.Build.0 = Debug|Any CPU
		{999CE3B3-3B81-4349-9BDE-7ECCADFA43FB}.Release|Any CPU.ActiveCfg = Release|Any CPU
		{999CE3B3-3B81-4349-9BDE-7ECCADFA43FB}.Release|Any CPU.Build.0 = Release|Any CPU
		{999CE3B3-3B81-4349-9BDE-7ECCADFA43FB}.Release|ARM.ActiveCfg = Release|Any CPU
		{999CE3B3-3B81-4349-9BDE-7ECCADFA43FB}.Release|ARM.Build.0 = Release|Any CPU
		{999CE3B3-3B81-4349-9BDE-7ECCADFA43FB}.Release|ARM64.ActiveCfg = Release|Any CPU
		{999CE3B3-3B81-4349-9BDE-7ECCADFA43FB}.Release|ARM64.Build.0 = Release|Any CPU
		{999CE3B3-3B81-4349-9BDE-7ECCADFA43FB}.Release|x64.ActiveCfg = Release|Any CPU
		{999CE3B3-3B81-4349-9BDE-7ECCADFA43FB}.Release|x64.Build.0 = Release|Any CPU
		{999CE3B3-3B81-4349-9BDE-7ECCADFA43FB}.Release|x86.ActiveCfg = Release|Any CPU
		{999CE3B3-3B81-4349-9BDE-7ECCADFA43FB}.Release|x86.Build.0 = Release|Any CPU
		{9AE2BB62-74D4-449E-B531-505BA70FBA14}.Debug|Any CPU.ActiveCfg = Debug|Any CPU
		{9AE2BB62-74D4-449E-B531-505BA70FBA14}.Debug|Any CPU.Build.0 = Debug|Any CPU
		{9AE2BB62-74D4-449E-B531-505BA70FBA14}.Debug|ARM.ActiveCfg = Debug|Any CPU
		{9AE2BB62-74D4-449E-B531-505BA70FBA14}.Debug|ARM.Build.0 = Debug|Any CPU
		{9AE2BB62-74D4-449E-B531-505BA70FBA14}.Debug|ARM64.ActiveCfg = Debug|Any CPU
		{9AE2BB62-74D4-449E-B531-505BA70FBA14}.Debug|ARM64.Build.0 = Debug|Any CPU
		{9AE2BB62-74D4-449E-B531-505BA70FBA14}.Debug|x64.ActiveCfg = Debug|Any CPU
		{9AE2BB62-74D4-449E-B531-505BA70FBA14}.Debug|x64.Build.0 = Debug|Any CPU
		{9AE2BB62-74D4-449E-B531-505BA70FBA14}.Debug|x86.ActiveCfg = Debug|Any CPU
		{9AE2BB62-74D4-449E-B531-505BA70FBA14}.Debug|x86.Build.0 = Debug|Any CPU
		{9AE2BB62-74D4-449E-B531-505BA70FBA14}.Release|Any CPU.ActiveCfg = Release|Any CPU
		{9AE2BB62-74D4-449E-B531-505BA70FBA14}.Release|Any CPU.Build.0 = Release|Any CPU
		{9AE2BB62-74D4-449E-B531-505BA70FBA14}.Release|ARM.ActiveCfg = Release|Any CPU
		{9AE2BB62-74D4-449E-B531-505BA70FBA14}.Release|ARM.Build.0 = Release|Any CPU
		{9AE2BB62-74D4-449E-B531-505BA70FBA14}.Release|ARM64.ActiveCfg = Release|Any CPU
		{9AE2BB62-74D4-449E-B531-505BA70FBA14}.Release|ARM64.Build.0 = Release|Any CPU
		{9AE2BB62-74D4-449E-B531-505BA70FBA14}.Release|x64.ActiveCfg = Release|Any CPU
		{9AE2BB62-74D4-449E-B531-505BA70FBA14}.Release|x64.Build.0 = Release|Any CPU
		{9AE2BB62-74D4-449E-B531-505BA70FBA14}.Release|x86.ActiveCfg = Release|Any CPU
		{9AE2BB62-74D4-449E-B531-505BA70FBA14}.Release|x86.Build.0 = Release|Any CPU
		{F73684B9-B7CF-47EE-9E1D-283C9492ACBE}.Debug|Any CPU.ActiveCfg = Debug|Any CPU
		{F73684B9-B7CF-47EE-9E1D-283C9492ACBE}.Debug|Any CPU.Build.0 = Debug|Any CPU
		{F73684B9-B7CF-47EE-9E1D-283C9492ACBE}.Debug|ARM.ActiveCfg = Debug|Any CPU
		{F73684B9-B7CF-47EE-9E1D-283C9492ACBE}.Debug|ARM.Build.0 = Debug|Any CPU
		{F73684B9-B7CF-47EE-9E1D-283C9492ACBE}.Debug|ARM64.ActiveCfg = Debug|Any CPU
		{F73684B9-B7CF-47EE-9E1D-283C9492ACBE}.Debug|ARM64.Build.0 = Debug|Any CPU
		{F73684B9-B7CF-47EE-9E1D-283C9492ACBE}.Debug|x64.ActiveCfg = Debug|Any CPU
		{F73684B9-B7CF-47EE-9E1D-283C9492ACBE}.Debug|x64.Build.0 = Debug|Any CPU
		{F73684B9-B7CF-47EE-9E1D-283C9492ACBE}.Debug|x86.ActiveCfg = Debug|Any CPU
		{F73684B9-B7CF-47EE-9E1D-283C9492ACBE}.Debug|x86.Build.0 = Debug|Any CPU
		{F73684B9-B7CF-47EE-9E1D-283C9492ACBE}.Release|Any CPU.ActiveCfg = Release|Any CPU
		{F73684B9-B7CF-47EE-9E1D-283C9492ACBE}.Release|Any CPU.Build.0 = Release|Any CPU
		{F73684B9-B7CF-47EE-9E1D-283C9492ACBE}.Release|ARM.ActiveCfg = Release|Any CPU
		{F73684B9-B7CF-47EE-9E1D-283C9492ACBE}.Release|ARM.Build.0 = Release|Any CPU
		{F73684B9-B7CF-47EE-9E1D-283C9492ACBE}.Release|ARM64.ActiveCfg = Release|Any CPU
		{F73684B9-B7CF-47EE-9E1D-283C9492ACBE}.Release|ARM64.Build.0 = Release|Any CPU
		{F73684B9-B7CF-47EE-9E1D-283C9492ACBE}.Release|x64.ActiveCfg = Release|Any CPU
		{F73684B9-B7CF-47EE-9E1D-283C9492ACBE}.Release|x64.Build.0 = Release|Any CPU
		{F73684B9-B7CF-47EE-9E1D-283C9492ACBE}.Release|x86.ActiveCfg = Release|Any CPU
		{F73684B9-B7CF-47EE-9E1D-283C9492ACBE}.Release|x86.Build.0 = Release|Any CPU
		{67CDABBB-8FEE-4F05-AA55-F593DC818E65}.Debug|Any CPU.ActiveCfg = Debug|Any CPU
		{67CDABBB-8FEE-4F05-AA55-F593DC818E65}.Debug|Any CPU.Build.0 = Debug|Any CPU
		{67CDABBB-8FEE-4F05-AA55-F593DC818E65}.Debug|ARM.ActiveCfg = Debug|Any CPU
		{67CDABBB-8FEE-4F05-AA55-F593DC818E65}.Debug|ARM.Build.0 = Debug|Any CPU
		{67CDABBB-8FEE-4F05-AA55-F593DC818E65}.Debug|ARM64.ActiveCfg = Debug|Any CPU
		{67CDABBB-8FEE-4F05-AA55-F593DC818E65}.Debug|ARM64.Build.0 = Debug|Any CPU
		{67CDABBB-8FEE-4F05-AA55-F593DC818E65}.Debug|x64.ActiveCfg = Debug|Any CPU
		{67CDABBB-8FEE-4F05-AA55-F593DC818E65}.Debug|x64.Build.0 = Debug|Any CPU
		{67CDABBB-8FEE-4F05-AA55-F593DC818E65}.Debug|x86.ActiveCfg = Debug|Any CPU
		{67CDABBB-8FEE-4F05-AA55-F593DC818E65}.Debug|x86.Build.0 = Debug|Any CPU
		{67CDABBB-8FEE-4F05-AA55-F593DC818E65}.Release|Any CPU.ActiveCfg = Release|Any CPU
		{67CDABBB-8FEE-4F05-AA55-F593DC818E65}.Release|Any CPU.Build.0 = Release|Any CPU
		{67CDABBB-8FEE-4F05-AA55-F593DC818E65}.Release|ARM.ActiveCfg = Release|Any CPU
		{67CDABBB-8FEE-4F05-AA55-F593DC818E65}.Release|ARM.Build.0 = Release|Any CPU
		{67CDABBB-8FEE-4F05-AA55-F593DC818E65}.Release|ARM64.ActiveCfg = Release|Any CPU
		{67CDABBB-8FEE-4F05-AA55-F593DC818E65}.Release|ARM64.Build.0 = Release|Any CPU
		{67CDABBB-8FEE-4F05-AA55-F593DC818E65}.Release|x64.ActiveCfg = Release|Any CPU
		{67CDABBB-8FEE-4F05-AA55-F593DC818E65}.Release|x64.Build.0 = Release|Any CPU
		{67CDABBB-8FEE-4F05-AA55-F593DC818E65}.Release|x86.ActiveCfg = Release|Any CPU
		{67CDABBB-8FEE-4F05-AA55-F593DC818E65}.Release|x86.Build.0 = Release|Any CPU
		{72312FB8-0EA0-4E29-8D99-EA9CF6C1CCCA}.Debug|Any CPU.ActiveCfg = Debug|Any CPU
		{72312FB8-0EA0-4E29-8D99-EA9CF6C1CCCA}.Debug|Any CPU.Build.0 = Debug|Any CPU
		{72312FB8-0EA0-4E29-8D99-EA9CF6C1CCCA}.Debug|ARM.ActiveCfg = Debug|Any CPU
		{72312FB8-0EA0-4E29-8D99-EA9CF6C1CCCA}.Debug|ARM.Build.0 = Debug|Any CPU
		{72312FB8-0EA0-4E29-8D99-EA9CF6C1CCCA}.Debug|ARM64.ActiveCfg = Debug|Any CPU
		{72312FB8-0EA0-4E29-8D99-EA9CF6C1CCCA}.Debug|ARM64.Build.0 = Debug|Any CPU
		{72312FB8-0EA0-4E29-8D99-EA9CF6C1CCCA}.Debug|x64.ActiveCfg = Debug|Any CPU
		{72312FB8-0EA0-4E29-8D99-EA9CF6C1CCCA}.Debug|x64.Build.0 = Debug|Any CPU
		{72312FB8-0EA0-4E29-8D99-EA9CF6C1CCCA}.Debug|x86.ActiveCfg = Debug|Any CPU
		{72312FB8-0EA0-4E29-8D99-EA9CF6C1CCCA}.Debug|x86.Build.0 = Debug|Any CPU
		{72312FB8-0EA0-4E29-8D99-EA9CF6C1CCCA}.Release|Any CPU.ActiveCfg = Release|Any CPU
		{72312FB8-0EA0-4E29-8D99-EA9CF6C1CCCA}.Release|Any CPU.Build.0 = Release|Any CPU
		{72312FB8-0EA0-4E29-8D99-EA9CF6C1CCCA}.Release|ARM.ActiveCfg = Release|Any CPU
		{72312FB8-0EA0-4E29-8D99-EA9CF6C1CCCA}.Release|ARM.Build.0 = Release|Any CPU
		{72312FB8-0EA0-4E29-8D99-EA9CF6C1CCCA}.Release|ARM64.ActiveCfg = Release|Any CPU
		{72312FB8-0EA0-4E29-8D99-EA9CF6C1CCCA}.Release|ARM64.Build.0 = Release|Any CPU
		{72312FB8-0EA0-4E29-8D99-EA9CF6C1CCCA}.Release|x64.ActiveCfg = Release|Any CPU
		{72312FB8-0EA0-4E29-8D99-EA9CF6C1CCCA}.Release|x64.Build.0 = Release|Any CPU
		{72312FB8-0EA0-4E29-8D99-EA9CF6C1CCCA}.Release|x86.ActiveCfg = Release|Any CPU
		{72312FB8-0EA0-4E29-8D99-EA9CF6C1CCCA}.Release|x86.Build.0 = Release|Any CPU
		{47D3B9DE-6F5D-423A-B42B-8FFF1E4081FD}.Debug|Any CPU.ActiveCfg = Debug|Any CPU
		{47D3B9DE-6F5D-423A-B42B-8FFF1E4081FD}.Debug|Any CPU.Build.0 = Debug|Any CPU
		{47D3B9DE-6F5D-423A-B42B-8FFF1E4081FD}.Debug|ARM.ActiveCfg = Debug|Any CPU
		{47D3B9DE-6F5D-423A-B42B-8FFF1E4081FD}.Debug|ARM.Build.0 = Debug|Any CPU
		{47D3B9DE-6F5D-423A-B42B-8FFF1E4081FD}.Debug|ARM64.ActiveCfg = Debug|Any CPU
		{47D3B9DE-6F5D-423A-B42B-8FFF1E4081FD}.Debug|ARM64.Build.0 = Debug|Any CPU
		{47D3B9DE-6F5D-423A-B42B-8FFF1E4081FD}.Debug|x64.ActiveCfg = Debug|Any CPU
		{47D3B9DE-6F5D-423A-B42B-8FFF1E4081FD}.Debug|x64.Build.0 = Debug|Any CPU
		{47D3B9DE-6F5D-423A-B42B-8FFF1E4081FD}.Debug|x86.ActiveCfg = Debug|Any CPU
		{47D3B9DE-6F5D-423A-B42B-8FFF1E4081FD}.Debug|x86.Build.0 = Debug|Any CPU
		{47D3B9DE-6F5D-423A-B42B-8FFF1E4081FD}.Release|Any CPU.ActiveCfg = Release|Any CPU
		{47D3B9DE-6F5D-423A-B42B-8FFF1E4081FD}.Release|Any CPU.Build.0 = Release|Any CPU
		{47D3B9DE-6F5D-423A-B42B-8FFF1E4081FD}.Release|ARM.ActiveCfg = Release|Any CPU
		{47D3B9DE-6F5D-423A-B42B-8FFF1E4081FD}.Release|ARM.Build.0 = Release|Any CPU
		{47D3B9DE-6F5D-423A-B42B-8FFF1E4081FD}.Release|ARM64.ActiveCfg = Release|Any CPU
		{47D3B9DE-6F5D-423A-B42B-8FFF1E4081FD}.Release|ARM64.Build.0 = Release|Any CPU
		{47D3B9DE-6F5D-423A-B42B-8FFF1E4081FD}.Release|x64.ActiveCfg = Release|Any CPU
		{47D3B9DE-6F5D-423A-B42B-8FFF1E4081FD}.Release|x64.Build.0 = Release|Any CPU
		{47D3B9DE-6F5D-423A-B42B-8FFF1E4081FD}.Release|x86.ActiveCfg = Release|Any CPU
		{47D3B9DE-6F5D-423A-B42B-8FFF1E4081FD}.Release|x86.Build.0 = Release|Any CPU
		{50FD9E45-3EDC-4B40-BFF8-E063E2FE6E15}.Debug|Any CPU.ActiveCfg = Debug|Any CPU
		{50FD9E45-3EDC-4B40-BFF8-E063E2FE6E15}.Debug|Any CPU.Build.0 = Debug|Any CPU
		{50FD9E45-3EDC-4B40-BFF8-E063E2FE6E15}.Debug|ARM.ActiveCfg = Debug|Any CPU
		{50FD9E45-3EDC-4B40-BFF8-E063E2FE6E15}.Debug|ARM.Build.0 = Debug|Any CPU
		{50FD9E45-3EDC-4B40-BFF8-E063E2FE6E15}.Debug|ARM64.ActiveCfg = Debug|Any CPU
		{50FD9E45-3EDC-4B40-BFF8-E063E2FE6E15}.Debug|ARM64.Build.0 = Debug|Any CPU
		{50FD9E45-3EDC-4B40-BFF8-E063E2FE6E15}.Debug|x64.ActiveCfg = Debug|Any CPU
		{50FD9E45-3EDC-4B40-BFF8-E063E2FE6E15}.Debug|x64.Build.0 = Debug|Any CPU
		{50FD9E45-3EDC-4B40-BFF8-E063E2FE6E15}.Debug|x86.ActiveCfg = Debug|Any CPU
		{50FD9E45-3EDC-4B40-BFF8-E063E2FE6E15}.Debug|x86.Build.0 = Debug|Any CPU
		{50FD9E45-3EDC-4B40-BFF8-E063E2FE6E15}.Release|Any CPU.ActiveCfg = Release|Any CPU
		{50FD9E45-3EDC-4B40-BFF8-E063E2FE6E15}.Release|Any CPU.Build.0 = Release|Any CPU
		{50FD9E45-3EDC-4B40-BFF8-E063E2FE6E15}.Release|ARM.ActiveCfg = Release|Any CPU
		{50FD9E45-3EDC-4B40-BFF8-E063E2FE6E15}.Release|ARM.Build.0 = Release|Any CPU
		{50FD9E45-3EDC-4B40-BFF8-E063E2FE6E15}.Release|ARM64.ActiveCfg = Release|Any CPU
		{50FD9E45-3EDC-4B40-BFF8-E063E2FE6E15}.Release|ARM64.Build.0 = Release|Any CPU
		{50FD9E45-3EDC-4B40-BFF8-E063E2FE6E15}.Release|x64.ActiveCfg = Release|Any CPU
		{50FD9E45-3EDC-4B40-BFF8-E063E2FE6E15}.Release|x64.Build.0 = Release|Any CPU
		{50FD9E45-3EDC-4B40-BFF8-E063E2FE6E15}.Release|x86.ActiveCfg = Release|Any CPU
		{50FD9E45-3EDC-4B40-BFF8-E063E2FE6E15}.Release|x86.Build.0 = Release|Any CPU
		{ED714E90-41B7-4D83-A0BC-3F04B2E7348B}.Debug|Any CPU.ActiveCfg = Debug|Any CPU
		{ED714E90-41B7-4D83-A0BC-3F04B2E7348B}.Debug|Any CPU.Build.0 = Debug|Any CPU
		{ED714E90-41B7-4D83-A0BC-3F04B2E7348B}.Debug|ARM.ActiveCfg = Debug|Any CPU
		{ED714E90-41B7-4D83-A0BC-3F04B2E7348B}.Debug|ARM.Build.0 = Debug|Any CPU
		{ED714E90-41B7-4D83-A0BC-3F04B2E7348B}.Debug|ARM64.ActiveCfg = Debug|Any CPU
		{ED714E90-41B7-4D83-A0BC-3F04B2E7348B}.Debug|ARM64.Build.0 = Debug|Any CPU
		{ED714E90-41B7-4D83-A0BC-3F04B2E7348B}.Debug|x64.ActiveCfg = Debug|Any CPU
		{ED714E90-41B7-4D83-A0BC-3F04B2E7348B}.Debug|x64.Build.0 = Debug|Any CPU
		{ED714E90-41B7-4D83-A0BC-3F04B2E7348B}.Debug|x86.ActiveCfg = Debug|Any CPU
		{ED714E90-41B7-4D83-A0BC-3F04B2E7348B}.Debug|x86.Build.0 = Debug|Any CPU
		{ED714E90-41B7-4D83-A0BC-3F04B2E7348B}.Release|Any CPU.ActiveCfg = Release|Any CPU
		{ED714E90-41B7-4D83-A0BC-3F04B2E7348B}.Release|Any CPU.Build.0 = Release|Any CPU
		{ED714E90-41B7-4D83-A0BC-3F04B2E7348B}.Release|ARM.ActiveCfg = Release|Any CPU
		{ED714E90-41B7-4D83-A0BC-3F04B2E7348B}.Release|ARM.Build.0 = Release|Any CPU
		{ED714E90-41B7-4D83-A0BC-3F04B2E7348B}.Release|ARM64.ActiveCfg = Release|Any CPU
		{ED714E90-41B7-4D83-A0BC-3F04B2E7348B}.Release|ARM64.Build.0 = Release|Any CPU
		{ED714E90-41B7-4D83-A0BC-3F04B2E7348B}.Release|x64.ActiveCfg = Release|Any CPU
		{ED714E90-41B7-4D83-A0BC-3F04B2E7348B}.Release|x64.Build.0 = Release|Any CPU
		{ED714E90-41B7-4D83-A0BC-3F04B2E7348B}.Release|x86.ActiveCfg = Release|Any CPU
		{ED714E90-41B7-4D83-A0BC-3F04B2E7348B}.Release|x86.Build.0 = Release|Any CPU
		{65C3D6C0-E97C-484F-AA05-1BDC7A927815}.Debug|Any CPU.ActiveCfg = Debug|Any CPU
		{65C3D6C0-E97C-484F-AA05-1BDC7A927815}.Debug|Any CPU.Build.0 = Debug|Any CPU
		{65C3D6C0-E97C-484F-AA05-1BDC7A927815}.Debug|ARM.ActiveCfg = Debug|Any CPU
		{65C3D6C0-E97C-484F-AA05-1BDC7A927815}.Debug|ARM.Build.0 = Debug|Any CPU
		{65C3D6C0-E97C-484F-AA05-1BDC7A927815}.Debug|ARM64.ActiveCfg = Debug|Any CPU
		{65C3D6C0-E97C-484F-AA05-1BDC7A927815}.Debug|ARM64.Build.0 = Debug|Any CPU
		{65C3D6C0-E97C-484F-AA05-1BDC7A927815}.Debug|x64.ActiveCfg = Debug|Any CPU
		{65C3D6C0-E97C-484F-AA05-1BDC7A927815}.Debug|x64.Build.0 = Debug|Any CPU
		{65C3D6C0-E97C-484F-AA05-1BDC7A927815}.Debug|x86.ActiveCfg = Debug|Any CPU
		{65C3D6C0-E97C-484F-AA05-1BDC7A927815}.Debug|x86.Build.0 = Debug|Any CPU
		{65C3D6C0-E97C-484F-AA05-1BDC7A927815}.Release|Any CPU.ActiveCfg = Release|Any CPU
		{65C3D6C0-E97C-484F-AA05-1BDC7A927815}.Release|Any CPU.Build.0 = Release|Any CPU
		{65C3D6C0-E97C-484F-AA05-1BDC7A927815}.Release|ARM.ActiveCfg = Release|Any CPU
		{65C3D6C0-E97C-484F-AA05-1BDC7A927815}.Release|ARM.Build.0 = Release|Any CPU
		{65C3D6C0-E97C-484F-AA05-1BDC7A927815}.Release|ARM64.ActiveCfg = Release|Any CPU
		{65C3D6C0-E97C-484F-AA05-1BDC7A927815}.Release|ARM64.Build.0 = Release|Any CPU
		{65C3D6C0-E97C-484F-AA05-1BDC7A927815}.Release|x64.ActiveCfg = Release|Any CPU
		{65C3D6C0-E97C-484F-AA05-1BDC7A927815}.Release|x64.Build.0 = Release|Any CPU
		{65C3D6C0-E97C-484F-AA05-1BDC7A927815}.Release|x86.ActiveCfg = Release|Any CPU
		{65C3D6C0-E97C-484F-AA05-1BDC7A927815}.Release|x86.Build.0 = Release|Any CPU
	EndGlobalSection
	GlobalSection(SolutionProperties) = preSolution
		HideSolutionNode = FALSE
	EndGlobalSection
	GlobalSection(NestedProjects) = preSolution
		{84E205EB-B5E5-4E14-8F6B-BD3284D48E73} = {B3643644-7D48-41E6-85C8-D71C49BA8E0B}
		{BA9D1B4B-4F94-466A-B5E9-2B8D21D6E941} = {B3643644-7D48-41E6-85C8-D71C49BA8E0B}
		{999CE3B3-3B81-4349-9BDE-7ECCADFA43FB} = {1CAD89C8-0F84-41C5-BF11-BDA349B6EEE8}
		{9AE2BB62-74D4-449E-B531-505BA70FBA14} = {1CAD89C8-0F84-41C5-BF11-BDA349B6EEE8}
		{F73684B9-B7CF-47EE-9E1D-283C9492ACBE} = {1CAD89C8-0F84-41C5-BF11-BDA349B6EEE8}
		{67CDABBB-8FEE-4F05-AA55-F593DC818E65} = {B3643644-7D48-41E6-85C8-D71C49BA8E0B}
		{72312FB8-0EA0-4E29-8D99-EA9CF6C1CCCA} = {B3502DC9-8966-4E6C-960D-E230A2A3ECDB}
		{47D3B9DE-6F5D-423A-B42B-8FFF1E4081FD} = {B3502DC9-8966-4E6C-960D-E230A2A3ECDB}
		{ED714E90-41B7-4D83-A0BC-3F04B2E7348B} = {D9C1D237-BF45-41FB-8FE8-00A2DA7B18FE}
		{65C3D6C0-E97C-484F-AA05-1BDC7A927815} = {D9C1D237-BF45-41FB-8FE8-00A2DA7B18FE}
	EndGlobalSection
	GlobalSection(ExtensibilityGlobals) = postSolution
		SolutionGuid = {AE632784-FEAA-40B3-ABD4-FC72B15E51EB}
	EndGlobalSection
EndGlobal
