
Microsoft Visual Studio Solution File, Format Version 12.00
# Visual Studio 15
VisualStudioVersion = 15.0.28307.1300
MinimumVisualStudioVersion = 10.0.40219.1
Project("{F14B399A-7131-4C87-9E4B-1186C45EF12D}") = "Report Project1", "Report Project1\Report Project1.rptproj", "{12CCB620-CFF1-475A-ACD6-F545D3C182BF}"
EndProject
Global
	GlobalSection(SolutionConfigurationPlatforms) = preSolution
		Debug|Default = Debug|Default
		DebugLocal|Default = DebugLocal|Default
		Release|Default = Release|Default
	EndGlobalSection
	GlobalSection(ProjectConfigurationPlatforms) = postSolution
		{12CCB620-CFF1-475A-ACD6-F545D3C182BF}.Debug|Default.ActiveCfg = Debug
		{12CCB620-CFF1-475A-ACD6-F545D3C182BF}.Debug|Default.Build.0 = Debug
		{12CCB620-CFF1-475A-ACD6-F545D3C182BF}.Debug|Default.Deploy.0 = Debug
		{12CCB620-CFF1-475A-ACD6-F545D3C182BF}.DebugLocal|Default.ActiveCfg = DebugLocal
		{12CCB620-CFF1-475A-ACD6-F545D3C182BF}.DebugLocal|Default.Build.0 = DebugLocal
		{12CCB620-CFF1-475A-ACD6-F545D3C182BF}.Release|Default.ActiveCfg = Release
		{12CCB620-CFF1-475A-ACD6-F545D3C182BF}.Release|Default.Build.0 = Release
		{12CCB620-CFF1-475A-ACD6-F545D3C182BF}.Release|Default.Deploy.0 = Release
	EndGlobalSection
	GlobalSection(SolutionProperties) = preSolution
		HideSolutionNode = FALSE
	EndGlobalSection
	GlobalSection(ExtensibilityGlobals) = postSolution
		SolutionGuid = {EB97201A-5BAF-49BA-9732-C7F1CB14FA99}
	EndGlobalSection
EndGlobal
